// !$*UTF8*$!
{
	archiveVersion = 1;
	classes = {
	};
	objectVersion = 50;
	objects = {

/* Begin PBXBuildFile section */
		BE0CEEFF2527B724009C421C /* AppDelegate.swift in Sources */ = {isa = PBXBuildFile; fileRef = BE0CEEFE2527B724009C421C /* AppDelegate.swift */; };
		BE0CEF012527B724009C421C /* MainView.swift in Sources */ = {isa = PBXBuildFile; fileRef = BE0CEF002527B724009C421C /* MainView.swift */; };
		BE0CEF032527B724009C421C /* Assets.xcassets in Resources */ = {isa = PBXBuildFile; fileRef = BE0CEF022527B724009C421C /* Assets.xcassets */; };
		BE0CEF062527B724009C421C /* Preview Assets.xcassets in Resources */ = {isa = PBXBuildFile; fileRef = BE0CEF052527B724009C421C /* Preview Assets.xcassets */; };
		BE0CEF092527B724009C421C /* Main.storyboard in Resources */ = {isa = PBXBuildFile; fileRef = BE0CEF072527B724009C421C /* Main.storyboard */; };
		BE0CEF1C2527D00C009C421C /* MachOReader.m in Sources */ = {isa = PBXBuildFile; fileRef = BE0CEF1B2527D00C009C421C /* MachOReader.m */; };
		BE0CEF1F252917E3009C421C /* ScanResultRow.swift in Sources */ = {isa = PBXBuildFile; fileRef = BE0CEF1E252917E3009C421C /* ScanResultRow.swift */; };
		BE0CEF23252A7CE1009C421C /* ViewModel.swift in Sources */ = {isa = PBXBuildFile; fileRef = BE0CEF22252A7CE1009C421C /* ViewModel.swift */; };
		BE2269FB252BC34A002D6DDF /* MainViewModel.swift in Sources */ = {isa = PBXBuildFile; fileRef = BE2269FA252BC34A002D6DDF /* MainViewModel.swift */; };
		BEC974B82531EF96000D14EB /* Spinner.swift in Sources */ = {isa = PBXBuildFile; fileRef = BEC974B72531EF96000D14EB /* Spinner.swift */; };
		BEC974BB25320691000D14EB /* MainStatusBar.swift in Sources */ = {isa = PBXBuildFile; fileRef = BEC974BA25320691000D14EB /* MainStatusBar.swift */; };
/* End PBXBuildFile section */

/* Begin PBXFileReference section */
		BE0CEEFB2527B724009C421C /* UnArm.app */ = {isa = PBXFileReference; explicitFileType = wrapper.application; includeInIndex = 0; path = UnArm.app; sourceTree = BUILT_PRODUCTS_DIR; };
		BE0CEEFE2527B724009C421C /* AppDelegate.swift */ = {isa = PBXFileReference; lastKnownFileType = sourcecode.swift; path = AppDelegate.swift; sourceTree = "<group>"; };
		BE0CEF002527B724009C421C /* MainView.swift */ = {isa = PBXFileReference; lastKnownFileType = sourcecode.swift; path = MainView.swift; sourceTree = "<group>"; };
		BE0CEF022527B724009C421C /* Assets.xcassets */ = {isa = PBXFileReference; lastKnownFileType = folder.assetcatalog; path = Assets.xcassets; sourceTree = "<group>"; };
		BE0CEF052527B724009C421C /* Preview Assets.xcassets */ = {isa = PBXFileReference; lastKnownFileType = folder.assetcatalog; path = "Preview Assets.xcassets"; sourceTree = "<group>"; };
		BE0CEF082527B724009C421C /* Base */ = {isa = PBXFileReference; lastKnownFileType = file.storyboard; name = Base; path = Base.lproj/Main.storyboard; sourceTree = "<group>"; };
		BE0CEF0A2527B724009C421C /* Info.plist */ = {isa = PBXFileReference; lastKnownFileType = text.plist.xml; path = Info.plist; sourceTree = "<group>"; };
		BE0CEF192527D00C009C421C /* UnArm-Bridging-Header.h */ = {isa = PBXFileReference; lastKnownFileType = sourcecode.c.h; path = "UnArm-Bridging-Header.h"; sourceTree = "<group>"; };
		BE0CEF1A2527D00C009C421C /* MachOReader.h */ = {isa = PBXFileReference; lastKnownFileType = sourcecode.c.h; path = MachOReader.h; sourceTree = "<group>"; };
		BE0CEF1B2527D00C009C421C /* MachOReader.m */ = {isa = PBXFileReference; lastKnownFileType = sourcecode.c.objc; path = MachOReader.m; sourceTree = "<group>"; };
		BE0CEF1E252917E3009C421C /* ScanResultRow.swift */ = {isa = PBXFileReference; lastKnownFileType = sourcecode.swift; path = ScanResultRow.swift; sourceTree = "<group>"; };
		BE0CEF22252A7CE1009C421C /* ViewModel.swift */ = {isa = PBXFileReference; lastKnownFileType = sourcecode.swift; path = ViewModel.swift; sourceTree = "<group>"; };
		BE2269FA252BC34A002D6DDF /* MainViewModel.swift */ = {isa = PBXFileReference; lastKnownFileType = sourcecode.swift; path = MainViewModel.swift; sourceTree = "<group>"; };
		BEC974B72531EF96000D14EB /* Spinner.swift */ = {isa = PBXFileReference; lastKnownFileType = sourcecode.swift; path = Spinner.swift; sourceTree = "<group>"; };
		BEC974BA25320691000D14EB /* MainStatusBar.swift */ = {isa = PBXFileReference; lastKnownFileType = sourcecode.swift; path = MainStatusBar.swift; sourceTree = "<group>"; };
/* End PBXFileReference section */

/* Begin PBXFrameworksBuildPhase section */
		BE0CEEF82527B723009C421C /* Frameworks */ = {
			isa = PBXFrameworksBuildPhase;
			buildActionMask = 2147483647;
			files = (
			);
			runOnlyForDeploymentPostprocessing = 0;
		};
/* End PBXFrameworksBuildPhase section */

/* Begin PBXGroup section */
		BE0CEEF22527B723009C421C = {
			isa = PBXGroup;
			children = (
				BE0CEEFD2527B724009C421C /* UnArm */,
				BE0CEEFC2527B724009C421C /* Products */,
			);
			sourceTree = "<group>";
		};
		BE0CEEFC2527B724009C421C /* Products */ = {
			isa = PBXGroup;
			children = (
				BE0CEEFB2527B724009C421C /* UnArm.app */,
			);
			name = Products;
			sourceTree = "<group>";
		};
		BE0CEEFD2527B724009C421C /* UnArm */ = {
			isa = PBXGroup;
			children = (
				BE0CEEFE2527B724009C421C /* AppDelegate.swift */,
				BEC974BA25320691000D14EB /* MainStatusBar.swift */,
				BE0CEF002527B724009C421C /* MainView.swift */,
				BE2269FA252BC34A002D6DDF /* MainViewModel.swift */,
				BE0CEF1E252917E3009C421C /* ScanResultRow.swift */,
				BEC974B72531EF96000D14EB /* Spinner.swift */,
				BE0CEF22252A7CE1009C421C /* ViewModel.swift */,
				BE0CEF1A2527D00C009C421C /* MachOReader.h */,
				BE0CEF1B2527D00C009C421C /* MachOReader.m */,
				BE0CEF022527B724009C421C /* Assets.xcassets */,
				BE0CEF072527B724009C421C /* Main.storyboard */,
				BE0CEF0A2527B724009C421C /* Info.plist */,
				BE0CEF042527B724009C421C /* Preview Content */,
				BE0CEF192527D00C009C421C /* UnArm-Bridging-Header.h */,
			);
			path = UnArm;
			sourceTree = "<group>";
		};
		BE0CEF042527B724009C421C /* Preview Content */ = {
			isa = PBXGroup;
			children = (
				BE0CEF052527B724009C421C /* Preview Assets.xcassets */,
			);
			path = "Preview Content";
			sourceTree = "<group>";
		};
/* End PBXGroup section */

/* Begin PBXNativeTarget section */
		BE0CEEFA2527B723009C421C /* UnArm */ = {
			isa = PBXNativeTarget;
			buildConfigurationList = BE0CEF0E2527B724009C421C /* Build configuration list for PBXNativeTarget "UnArm" */;
			buildPhases = (
				BE0CEEF72527B723009C421C /* Sources */,
				BE0CEEF82527B723009C421C /* Frameworks */,
				BE0CEEF92527B723009C421C /* Resources */,
			);
			buildRules = (
			);
			dependencies = (
			);
			name = UnArm;
			productName = UnArm;
			productReference = BE0CEEFB2527B724009C421C /* UnArm.app */;
			productType = "com.apple.product-type.application";
		};
/* End PBXNativeTarget section */

/* Begin PBXProject section */
		BE0CEEF32527B723009C421C /* Project object */ = {
			isa = PBXProject;
			attributes = {
				LastSwiftUpdateCheck = 1200;
				LastUpgradeCheck = 1200;
				TargetAttributes = {
					BE0CEEFA2527B723009C421C = {
						CreatedOnToolsVersion = 12.0;
						LastSwiftMigration = 1200;
					};
				};
			};
			buildConfigurationList = BE0CEEF62527B723009C421C /* Build configuration list for PBXProject "UnArm" */;
			compatibilityVersion = "Xcode 9.3";
			developmentRegion = en;
			hasScannedForEncodings = 0;
			knownRegions = (
				en,
				Base,
			);
			mainGroup = BE0CEEF22527B723009C421C;
			productRefGroup = BE0CEEFC2527B724009C421C /* Products */;
			projectDirPath = "";
			projectRoot = "";
			targets = (
				BE0CEEFA2527B723009C421C /* UnArm */,
			);
		};
/* End PBXProject section */

/* Begin PBXResourcesBuildPhase section */
		BE0CEEF92527B723009C421C /* Resources */ = {
			isa = PBXResourcesBuildPhase;
			buildActionMask = 2147483647;
			files = (
				BE0CEF092527B724009C421C /* Main.storyboard in Resources */,
				BE0CEF062527B724009C421C /* Preview Assets.xcassets in Resources */,
				BE0CEF032527B724009C421C /* Assets.xcassets in Resources */,
			);
			runOnlyForDeploymentPostprocessing = 0;
		};
/* End PBXResourcesBuildPhase section */

/* Begin PBXSourcesBuildPhase section */
		BE0CEEF72527B723009C421C /* Sources */ = {
			isa = PBXSourcesBuildPhase;
			buildActionMask = 2147483647;
			files = (
				BE2269FB252BC34A002D6DDF /* MainViewModel.swift in Sources */,
				BE0CEF012527B724009C421C /* MainView.swift in Sources */,
				BE0CEF1F252917E3009C421C /* ScanResultRow.swift in Sources */,
				BEC974B82531EF96000D14EB /* Spinner.swift in Sources */,
				BEC974BB25320691000D14EB /* MainStatusBar.swift in Sources */,
				BE0CEEFF2527B724009C421C /* AppDelegate.swift in Sources */,
				BE0CEF23252A7CE1009C421C /* ViewModel.swift in Sources */,
				BE0CEF1C2527D00C009C421C /* MachOReader.m in Sources */,
			);
			runOnlyForDeploymentPostprocessing = 0;
		};
/* End PBXSourcesBuildPhase section */

/* Begin PBXVariantGroup section */
		BE0CEF072527B724009C421C /* Main.storyboard */ = {
			isa = PBXVariantGroup;
			children = (
				BE0CEF082527B724009C421C /* Base */,
			);
			name = Main.storyboard;
			sourceTree = "<group>";
		};
/* End PBXVariantGroup section */

/* Begin XCBuildConfiguration section */
		BE0CEF0C2527B724009C421C /* Debug */ = {
			isa = XCBuildConfiguration;
			buildSettings = {
				ALWAYS_SEARCH_USER_PATHS = NO;
				CLANG_ANALYZER_NONNULL = YES;
				CLANG_ANALYZER_NUMBER_OBJECT_CONVERSION = YES_AGGRESSIVE;
				CLANG_CXX_LANGUAGE_STANDARD = "gnu++14";
				CLANG_CXX_LIBRARY = "libc++";
				CLANG_ENABLE_MODULES = YES;
				CLANG_ENABLE_OBJC_ARC = YES;
				CLANG_ENABLE_OBJC_WEAK = YES;
				CLANG_WARN_BLOCK_CAPTURE_AUTORELEASING = YES;
				CLANG_WARN_BOOL_CONVERSION = YES;
				CLANG_WARN_COMMA = YES;
				CLANG_WARN_CONSTANT_CONVERSION = YES;
				CLANG_WARN_DEPRECATED_OBJC_IMPLEMENTATIONS = YES;
				CLANG_WARN_DIRECT_OBJC_ISA_USAGE = YES_ERROR;
				CLANG_WARN_DOCUMENTATION_COMMENTS = YES;
				CLANG_WARN_EMPTY_BODY = YES;
				CLANG_WARN_ENUM_CONVERSION = YES;
				CLANG_WARN_INFINITE_RECURSION = YES;
				CLANG_WARN_INT_CONVERSION = YES;
				CLANG_WARN_NON_LITERAL_NULL_CONVERSION = YES;
				CLANG_WARN_OBJC_IMPLICIT_RETAIN_SELF = YES;
				CLANG_WARN_OBJC_LITERAL_CONVERSION = YES;
				CLANG_WARN_OBJC_ROOT_CLASS = YES_ERROR;
				CLANG_WARN_QUOTED_INCLUDE_IN_FRAMEWORK_HEADER = YES;
				CLANG_WARN_RANGE_LOOP_ANALYSIS = YES;
				CLANG_WARN_STRICT_PROTOTYPES = YES;
				CLANG_WARN_SUSPICIOUS_MOVE = YES;
				CLANG_WARN_UNGUARDED_AVAILABILITY = YES_AGGRESSIVE;
				CLANG_WARN_UNREACHABLE_CODE = YES;
				CLANG_WARN__DUPLICATE_METHOD_MATCH = YES;
				COPY_PHASE_STRIP = NO;
				DEBUG_INFORMATION_FORMAT = dwarf;
				ENABLE_STRICT_OBJC_MSGSEND = YES;
				ENABLE_TESTABILITY = YES;
				GCC_C_LANGUAGE_STANDARD = gnu11;
				GCC_DYNAMIC_NO_PIC = NO;
				GCC_NO_COMMON_BLOCKS = YES;
				GCC_OPTIMIZATION_LEVEL = 0;
				GCC_PREPROCESSOR_DEFINITIONS = (
					"DEBUG=1",
					"$(inherited)",
				);
				GCC_WARN_64_TO_32_BIT_CONVERSION = YES;
				GCC_WARN_ABOUT_RETURN_TYPE = YES_ERROR;
				GCC_WARN_UNDECLARED_SELECTOR = YES;
				GCC_WARN_UNINITIALIZED_AUTOS = YES_AGGRESSIVE;
				GCC_WARN_UNUSED_FUNCTION = YES;
				GCC_WARN_UNUSED_VARIABLE = YES;
				MACOSX_DEPLOYMENT_TARGET = 10.15;
				MTL_ENABLE_DEBUG_INFO = INCLUDE_SOURCE;
				MTL_FAST_MATH = YES;
				ONLY_ACTIVE_ARCH = YES;
				SDKROOT = macosx;
				SWIFT_ACTIVE_COMPILATION_CONDITIONS = DEBUG;
				SWIFT_OPTIMIZATION_LEVEL = "-Onone";
			};
			name = Debug;
		};
		BE0CEF0D2527B724009C421C /* Release */ = {
			isa = XCBuildConfiguration;
			buildSettings = {
				ALWAYS_SEARCH_USER_PATHS = NO;
				CLANG_ANALYZER_NONNULL = YES;
				CLANG_ANALYZER_NUMBER_OBJECT_CONVERSION = YES_AGGRESSIVE;
				CLANG_CXX_LANGUAGE_STANDARD = "gnu++14";
				CLANG_CXX_LIBRARY = "libc++";
				CLANG_ENABLE_MODULES = YES;
				CLANG_ENABLE_OBJC_ARC = YES;
				CLANG_ENABLE_OBJC_WEAK = YES;
				CLANG_WARN_BLOCK_CAPTURE_AUTORELEASING = YES;
				CLANG_WARN_BOOL_CONVERSION = YES;
				CLANG_WARN_COMMA = YES;
				CLANG_WARN_CONSTANT_CONVERSION = YES;
				CLANG_WARN_DEPRECATED_OBJC_IMPLEMENTATIONS = YES;
				CLANG_WARN_DIRECT_OBJC_ISA_USAGE = YES_ERROR;
				CLANG_WARN_DOCUMENTATION_COMMENTS = YES;
				CLANG_WARN_EMPTY_BODY = YES;
				CLANG_WARN_ENUM_CONVERSION = YES;
				CLANG_WARN_INFINITE_RECURSION = YES;
				CLANG_WARN_INT_CONVERSION = YES;
				CLANG_WARN_NON_LITERAL_NULL_CONVERSION = YES;
				CLANG_WARN_OBJC_IMPLICIT_RETAIN_SELF = YES;
				CLANG_WARN_OBJC_LITERAL_CONVERSION = YES;
				CLANG_WARN_OBJC_ROOT_CLASS = YES_ERROR;
				CLANG_WARN_QUOTED_INCLUDE_IN_FRAMEWORK_HEADER = YES;
				CLANG_WARN_RANGE_LOOP_ANALYSIS = YES;
				CLANG_WARN_STRICT_PROTOTYPES = YES;
				CLANG_WARN_SUSPICIOUS_MOVE = YES;
				CLANG_WARN_UNGUARDED_AVAILABILITY = YES_AGGRESSIVE;
				CLANG_WARN_UNREACHABLE_CODE = YES;
				CLANG_WARN__DUPLICATE_METHOD_MATCH = YES;
				COPY_PHASE_STRIP = NO;
				DEBUG_INFORMATION_FORMAT = "dwarf-with-dsym";
				ENABLE_NS_ASSERTIONS = NO;
				ENABLE_STRICT_OBJC_MSGSEND = YES;
				GCC_C_LANGUAGE_STANDARD = gnu11;
				GCC_NO_COMMON_BLOCKS = YES;
				GCC_WARN_64_TO_32_BIT_CONVERSION = YES;
				GCC_WARN_ABOUT_RETURN_TYPE = YES_ERROR;
				GCC_WARN_UNDECLARED_SELECTOR = YES;
				GCC_WARN_UNINITIALIZED_AUTOS = YES_AGGRESSIVE;
				GCC_WARN_UNUSED_FUNCTION = YES;
				GCC_WARN_UNUSED_VARIABLE = YES;
				MACOSX_DEPLOYMENT_TARGET = 10.15;
				MTL_ENABLE_DEBUG_INFO = NO;
				MTL_FAST_MATH = YES;
				SDKROOT = macosx;
				SWIFT_COMPILATION_MODE = wholemodule;
				SWIFT_OPTIMIZATION_LEVEL = "-O";
			};
			name = Release;
		};
		BE0CEF0F2527B724009C421C /* Debug */ = {
			isa = XCBuildConfiguration;
			buildSettings = {
				ASSETCATALOG_COMPILER_APPICON_NAME = AppIcon;
				ASSETCATALOG_COMPILER_GLOBAL_ACCENT_COLOR_NAME = AccentColor;
				CLANG_ENABLE_MODULES = YES;
				CODE_SIGN_ENTITLEMENTS = UnArm/UnArm.entitlements;
				CODE_SIGN_STYLE = Automatic;
				COMBINE_HIDPI_IMAGES = YES;
				DEVELOPMENT_ASSET_PATHS = "\"UnArm/Preview Content\"";
				ENABLE_PREVIEWS = YES;
				INFOPLIST_FILE = UnArm/Info.plist;
				LD_RUNPATH_SEARCH_PATHS = (
					"$(inherited)",
					"@executable_path/../Frameworks",
				);
				MACOSX_DEPLOYMENT_TARGET = 10.15;
				PRODUCT_BUNDLE_IDENTIFIER = me.cocoagrinder.UnArm;
				PRODUCT_NAME = "$(TARGET_NAME)";
				SWIFT_OBJC_BRIDGING_HEADER = "UnArm/UnArm-Bridging-Header.h";
				SWIFT_OPTIMIZATION_LEVEL = "-Onone";
				SWIFT_VERSION = 5.0;
			};
			name = Debug;
		};
		BE0CEF102527B724009C421C /* Release */ = {
			isa = XCBuildConfiguration;
			buildSettings = {
				ASSETCATALOG_COMPILER_APPICON_NAME = AppIcon;
				ASSETCATALOG_COMPILER_GLOBAL_ACCENT_COLOR_NAME = AccentColor;
				CLANG_ENABLE_MODULES = YES;
				CODE_SIGN_ENTITLEMENTS = UnArm/UnArm.entitlements;
				CODE_SIGN_STYLE = Automatic;
				COMBINE_HIDPI_IMAGES = YES;
				DEVELOPMENT_ASSET_PATHS = "\"UnArm/Preview Content\"";
				ENABLE_PREVIEWS = YES;
				INFOPLIST_FILE = UnArm/Info.plist;
				LD_RUNPATH_SEARCH_PATHS = (
					"$(inherited)",
					"@executable_path/../Frameworks",
				);
				MACOSX_DEPLOYMENT_TARGET = 10.15;
				PRODUCT_BUNDLE_IDENTIFIER = me.cocoagrinder.UnArm;
				PRODUCT_NAME = "$(TARGET_NAME)";
				SWIFT_OBJC_BRIDGING_HEADER = "UnArm/UnArm-Bridging-Header.h";
				SWIFT_VERSION = 5.0;
			};
			name = Release;
		};
/* End XCBuildConfiguration section */

/* Begin XCConfigurationList section */
		BE0CEEF62527B723009C421C /* Build configuration list for PBXProject "UnArm" */ = {
			isa = XCConfigurationList;
			buildConfigurations = (
				BE0CEF0C2527B724009C421C /* Debug */,
				BE0CEF0D2527B724009C421C /* Release */,
			);
			defaultConfigurationIsVisible = 0;
			defaultConfigurationName = Release;
		};
		BE0CEF0E2527B724009C421C /* Build configuration list for PBXNativeTarget "UnArm" */ = {
			isa = XCConfigurationList;
			buildConfigurations = (
				BE0CEF0F2527B724009C421C /* Debug */,
				BE0CEF102527B724009C421C /* Release */,
			);
			defaultConfigurationIsVisible = 0;
			defaultConfigurationName = Release;
		};
/* End XCConfigurationList section */
	};
	rootObject = BE0CEEF32527B723009C421C /* Project object */;
}
